// !$*UTF8*$!
{
	archiveVersion = 1;
	classes = {
	};
	objectVersion = 50;
	objects = {

/* Begin PBXBuildFile section */
		2B1B18E25C1A813FB9F3B526 /* Pods_StarTrivia.framework in Frameworks */ = {isa = PBXBuildFile; fileRef = 32B8F9B793ED20A2C5064CDD /* Pods_StarTrivia.framework */; };
		6FA8792B22EF7E9300880710 /* AppDelegate.swift in Sources */ = {isa = PBXBuildFile; fileRef = 6FA8792A22EF7E9300880710 /* AppDelegate.swift */; };
		6FA8792D22EF7E9300880710 /* SelectPersonVC.swift in Sources */ = {isa = PBXBuildFile; fileRef = 6FA8792C22EF7E9300880710 /* SelectPersonVC.swift */; };
		6FA8793022EF7E9300880710 /* Main.storyboard in Resources */ = {isa = PBXBuildFile; fileRef = 6FA8792E22EF7E9300880710 /* Main.storyboard */; };
		6FA8793222EF7E9400880710 /* Assets.xcassets in Resources */ = {isa = PBXBuildFile; fileRef = 6FA8793122EF7E9400880710 /* Assets.xcassets */; };
		6FA8793522EF7E9400880710 /* LaunchScreen.storyboard in Resources */ = {isa = PBXBuildFile; fileRef = 6FA8793322EF7E9400880710 /* LaunchScreen.storyboard */; };
		6FA8793F22EF810C00880710 /* Starjedi.ttf in Resources */ = {isa = PBXBuildFile; fileRef = 6FA8793C22EF810B00880710 /* Starjedi.ttf */; };
		6FA8794022EF810C00880710 /* Starjhol.ttf in Resources */ = {isa = PBXBuildFile; fileRef = 6FA8793D22EF810C00880710 /* Starjhol.ttf */; };
		6FA8794122EF810C00880710 /* Starjout.ttf in Resources */ = {isa = PBXBuildFile; fileRef = 6FA8793E22EF810C00880710 /* Starjout.ttf */; };
		6FA8794822EF87A000880710 /* BlackBgView.swift in Sources */ = {isa = PBXBuildFile; fileRef = 6FA8794722EF87A000880710 /* BlackBgView.swift */; };
		6FA8794B22EF888F00880710 /* Constants.swift in Sources */ = {isa = PBXBuildFile; fileRef = 6FA8794A22EF888F00880710 /* Constants.swift */; };
		6FA8794D22F0979C00880710 /* .gitignore in Resources */ = {isa = PBXBuildFile; fileRef = 6FA8794C22F0979C00880710 /* .gitignore */; };
		6FA8795022F0AAD600880710 /* PersonAPI.swift in Sources */ = {isa = PBXBuildFile; fileRef = 6FA8794F22F0AAD600880710 /* PersonAPI.swift */; };
		6FA8795222F0BBAE00880710 /* Person.swift in Sources */ = {isa = PBXBuildFile; fileRef = 6FA8795122F0BBAE00880710 /* Person.swift */; };
/* End PBXBuildFile section */

/* Begin PBXFileReference section */
		0C6A40AEB52CB333AEFEBC84 /* Pods-StarTrivia.release.xcconfig */ = {isa = PBXFileReference; includeInIndex = 1; lastKnownFileType = text.xcconfig; name = "Pods-StarTrivia.release.xcconfig"; path = "Pods/Target Support Files/Pods-StarTrivia/Pods-StarTrivia.release.xcconfig"; sourceTree = "<group>"; };
		32B8F9B793ED20A2C5064CDD /* Pods_StarTrivia.framework */ = {isa = PBXFileReference; explicitFileType = wrapper.framework; includeInIndex = 0; path = Pods_StarTrivia.framework; sourceTree = BUILT_PRODUCTS_DIR; };
		6FA8792722EF7E9300880710 /* StarTrivia.app */ = {isa = PBXFileReference; explicitFileType = wrapper.application; includeInIndex = 0; path = StarTrivia.app; sourceTree = BUILT_PRODUCTS_DIR; };
		6FA8792A22EF7E9300880710 /* AppDelegate.swift */ = {isa = PBXFileReference; lastKnownFileType = sourcecode.swift; path = AppDelegate.swift; sourceTree = "<group>"; };
		6FA8792C22EF7E9300880710 /* SelectPersonVC.swift */ = {isa = PBXFileReference; lastKnownFileType = sourcecode.swift; name = SelectPersonVC.swift; path = ../SelectPersonVC.swift; sourceTree = "<group>"; };
		6FA8792F22EF7E9300880710 /* Base */ = {isa = PBXFileReference; lastKnownFileType = file.storyboard; name = Base; path = Base.lproj/Main.storyboard; sourceTree = "<group>"; };
		6FA8793122EF7E9400880710 /* Assets.xcassets */ = {isa = PBXFileReference; lastKnownFileType = folder.assetcatalog; path = Assets.xcassets; sourceTree = "<group>"; };
		6FA8793422EF7E9400880710 /* Base */ = {isa = PBXFileReference; lastKnownFileType = file.storyboard; name = Base; path = Base.lproj/LaunchScreen.storyboard; sourceTree = "<group>"; };
		6FA8793622EF7E9400880710 /* Info.plist */ = {isa = PBXFileReference; lastKnownFileType = text.plist.xml; path = Info.plist; sourceTree = "<group>"; };
		6FA8793C22EF810B00880710 /* Starjedi.ttf */ = {isa = PBXFileReference; lastKnownFileType = file; path = Starjedi.ttf; sourceTree = "<group>"; };
		6FA8793D22EF810C00880710 /* Starjhol.ttf */ = {isa = PBXFileReference; lastKnownFileType = file; path = Starjhol.ttf; sourceTree = "<group>"; };
		6FA8793E22EF810C00880710 /* Starjout.ttf */ = {isa = PBXFileReference; lastKnownFileType = file; path = Starjout.ttf; sourceTree = "<group>"; };
		6FA8794722EF87A000880710 /* BlackBgView.swift */ = {isa = PBXFileReference; lastKnownFileType = sourcecode.swift; path = BlackBgView.swift; sourceTree = "<group>"; };
		6FA8794A22EF888F00880710 /* Constants.swift */ = {isa = PBXFileReference; lastKnownFileType = sourcecode.swift; path = Constants.swift; sourceTree = "<group>"; };
		6FA8794C22F0979C00880710 /* .gitignore */ = {isa = PBXFileReference; lastKnownFileType = text; path = .gitignore; sourceTree = "<group>"; };
		6FA8794F22F0AAD600880710 /* PersonAPI.swift */ = {isa = PBXFileReference; lastKnownFileType = sourcecode.swift; path = PersonAPI.swift; sourceTree = "<group>"; };
		6FA8795122F0BBAE00880710 /* Person.swift */ = {isa = PBXFileReference; lastKnownFileType = sourcecode.swift; path = Person.swift; sourceTree = "<group>"; };
		D315FCA62D797245CA368107 /* Pods-StarTrivia.debug.xcconfig */ = {isa = PBXFileReference; includeInIndex = 1; lastKnownFileType = text.xcconfig; name = "Pods-StarTrivia.debug.xcconfig"; path = "Pods/Target Support Files/Pods-StarTrivia/Pods-StarTrivia.debug.xcconfig"; sourceTree = "<group>"; };
/* End PBXFileReference section */

/* Begin PBXFrameworksBuildPhase section */
		6FA8792422EF7E9300880710 /* Frameworks */ = {
			isa = PBXFrameworksBuildPhase;
			buildActionMask = 2147483647;
			files = (
				2B1B18E25C1A813FB9F3B526 /* Pods_StarTrivia.framework in Frameworks */,
			);
			runOnlyForDeploymentPostprocessing = 0;
		};
/* End PBXFrameworksBuildPhase section */

/* Begin PBXGroup section */
		43B8C2AC60CAC9BBE91E6C26 /* Pods */ = {
			isa = PBXGroup;
			children = (
				D315FCA62D797245CA368107 /* Pods-StarTrivia.debug.xcconfig */,
				0C6A40AEB52CB333AEFEBC84 /* Pods-StarTrivia.release.xcconfig */,
			);
			name = Pods;
			sourceTree = "<group>";
		};
		6FA8791E22EF7E9300880710 = {
			isa = PBXGroup;
			children = (
				6FA8792922EF7E9300880710 /* StarTrivia */,
				6FA8792822EF7E9300880710 /* Products */,
				43B8C2AC60CAC9BBE91E6C26 /* Pods */,
				E7E266CFB6001246C8B35556 /* Frameworks */,
			);
			sourceTree = "<group>";
		};
		6FA8792822EF7E9300880710 /* Products */ = {
			isa = PBXGroup;
			children = (
				6FA8792722EF7E9300880710 /* StarTrivia.app */,
			);
			name = Products;
			sourceTree = "<group>";
		};
		6FA8792922EF7E9300880710 /* StarTrivia */ = {
			isa = PBXGroup;
			children = (
				6FA8794622EF813800880710 /* Model */,
				6FA8794522EF813300880710 /* View */,
				6FA8794422EF812B00880710 /* Controller */,
				6FA8792A22EF7E9300880710 /* AppDelegate.swift */,
				6FA8794E22F0AAAE00880710 /* Services */,
				6FA8794922EF882B00880710 /* Utilities */,
				6FA8794322EF811D00880710 /* Resources */,
				6FA8792E22EF7E9300880710 /* Main.storyboard */,
				6FA8793122EF7E9400880710 /* Assets.xcassets */,
				6FA8793322EF7E9400880710 /* LaunchScreen.storyboard */,
				6FA8793622EF7E9400880710 /* Info.plist */,
				6FA8794C22F0979C00880710 /* .gitignore */,
			);
			path = StarTrivia;
			sourceTree = "<group>";
		};
		6FA8794222EF811400880710 /* Fonts */ = {
			isa = PBXGroup;
			children = (
				6FA8793C22EF810B00880710 /* Starjedi.ttf */,
				6FA8793D22EF810C00880710 /* Starjhol.ttf */,
				6FA8793E22EF810C00880710 /* Starjout.ttf */,
			);
			path = Fonts;
			sourceTree = "<group>";
		};
		6FA8794322EF811D00880710 /* Resources */ = {
			isa = PBXGroup;
			children = (
				6FA8794222EF811400880710 /* Fonts */,
			);
			path = Resources;
			sourceTree = "<group>";
		};
		6FA8794422EF812B00880710 /* Controller */ = {
			isa = PBXGroup;
			children = (
				6FA8792C22EF7E9300880710 /* SelectPersonVC.swift */,
			);
			path = Controller;
			sourceTree = "<group>";
		};
		6FA8794522EF813300880710 /* View */ = {
			isa = PBXGroup;
			children = (
				6FA8794722EF87A000880710 /* BlackBgView.swift */,
			);
			path = View;
			sourceTree = "<group>";
		};
		6FA8794622EF813800880710 /* Model */ = {
			isa = PBXGroup;
			children = (
				6FA8795122F0BBAE00880710 /* Person.swift */,
			);
			path = Model;
			sourceTree = "<group>";
		};
		6FA8794922EF882B00880710 /* Utilities */ = {
			isa = PBXGroup;
			children = (
				6FA8794A22EF888F00880710 /* Constants.swift */,
			);
			path = Utilities;
			sourceTree = "<group>";
		};
		6FA8794E22F0AAAE00880710 /* Services */ = {
			isa = PBXGroup;
			children = (
				6FA8794F22F0AAD600880710 /* PersonAPI.swift */,
			);
			path = Services;
			sourceTree = "<group>";
		};
		E7E266CFB6001246C8B35556 /* Frameworks */ = {
			isa = PBXGroup;
			children = (
				32B8F9B793ED20A2C5064CDD /* Pods_StarTrivia.framework */,
			);
			name = Frameworks;
			sourceTree = "<group>";
		};
/* End PBXGroup section */

/* Begin PBXNativeTarget section */
		6FA8792622EF7E9300880710 /* StarTrivia */ = {
			isa = PBXNativeTarget;
			buildConfigurationList = 6FA8793922EF7E9400880710 /* Build configuration list for PBXNativeTarget "StarTrivia" */;
			buildPhases = (
				08A4F4DCCDEC89E4BF8DAC2C /* [CP] Check Pods Manifest.lock */,
				6FA8792322EF7E9300880710 /* Sources */,
				6FA8792422EF7E9300880710 /* Frameworks */,
				6FA8792522EF7E9300880710 /* Resources */,
				86C6227DEC9DCEC42B025FA4 /* [CP] Embed Pods Frameworks */,
			);
			buildRules = (
			);
			dependencies = (
			);
			name = StarTrivia;
			productName = StarTrivia;
			productReference = 6FA8792722EF7E9300880710 /* StarTrivia.app */;
			productType = "com.apple.product-type.application";
		};
/* End PBXNativeTarget section */

/* Begin PBXProject section */
		6FA8791F22EF7E9300880710 /* Project object */ = {
			isa = PBXProject;
			attributes = {
				LastSwiftUpdateCheck = 1030;
				LastUpgradeCheck = 1030;
				ORGANIZATIONNAME = "Michael Sidoruk";
				TargetAttributes = {
					6FA8792622EF7E9300880710 = {
						CreatedOnToolsVersion = 10.3;
					};
				};
			};
			buildConfigurationList = 6FA8792222EF7E9300880710 /* Build configuration list for PBXProject "StarTrivia" */;
			compatibilityVersion = "Xcode 9.3";
			developmentRegion = en;
			hasScannedForEncodings = 0;
			knownRegions = (
				en,
				Base,
			);
			mainGroup = 6FA8791E22EF7E9300880710;
			productRefGroup = 6FA8792822EF7E9300880710 /* Products */;
			projectDirPath = "";
			projectRoot = "";
			targets = (
				6FA8792622EF7E9300880710 /* StarTrivia */,
			);
		};
/* End PBXProject section */

/* Begin PBXResourcesBuildPhase section */
		6FA8792522EF7E9300880710 /* Resources */ = {
			isa = PBXResourcesBuildPhase;
			buildActionMask = 2147483647;
			files = (
				6FA8793522EF7E9400880710 /* LaunchScreen.storyboard in Resources */,
				6FA8794D22F0979C00880710 /* .gitignore in Resources */,
				6FA8793222EF7E9400880710 /* Assets.xcassets in Resources */,
				6FA8793F22EF810C00880710 /* Starjedi.ttf in Resources */,
				6FA8794022EF810C00880710 /* Starjhol.ttf in Resources */,
				6FA8794122EF810C00880710 /* Starjout.ttf in Resources */,
				6FA8793022EF7E9300880710 /* Main.storyboard in Resources */,
			);
			runOnlyForDeploymentPostprocessing = 0;
		};
/* End PBXResourcesBuildPhase section */

/* Begin PBXShellScriptBuildPhase section */
		08A4F4DCCDEC89E4BF8DAC2C /* [CP] Check Pods Manifest.lock */ = {
			isa = PBXShellScriptBuildPhase;
			buildActionMask = 2147483647;
			files = (
			);
			inputPaths = (
				"${PODS_PODFILE_DIR_PATH}/Podfile.lock",
				"${PODS_ROOT}/Manifest.lock",
			);
			name = "[CP] Check Pods Manifest.lock";
			outputPaths = (
				"$(DERIVED_FILE_DIR)/Pods-StarTrivia-checkManifestLockResult.txt",
			);
			runOnlyForDeploymentPostprocessing = 0;
			shellPath = /bin/sh;
			shellScript = "diff \"${PODS_PODFILE_DIR_PATH}/Podfile.lock\" \"${PODS_ROOT}/Manifest.lock\" > /dev/null\nif [ $? != 0 ] ; then\n    # print error to STDERR\n    echo \"error: The sandbox is not in sync with the Podfile.lock. Run 'pod install' or update your CocoaPods installation.\" >&2\n    exit 1\nfi\n# This output is used by Xcode 'outputs' to avoid re-running this script phase.\necho \"SUCCESS\" > \"${SCRIPT_OUTPUT_FILE_0}\"\n";
			showEnvVarsInLog = 0;
		};
		86C6227DEC9DCEC42B025FA4 /* [CP] Embed Pods Frameworks */ = {
			isa = PBXShellScriptBuildPhase;
			buildActionMask = 2147483647;
			files = (
			);
			inputPaths = (
				"${SRCROOT}/Pods/Target Support Files/Pods-StarTrivia/Pods-StarTrivia-frameworks.sh",
				"${BUILT_PRODUCTS_DIR}/Alamofire/Alamofire.framework",
				"${BUILT_PRODUCTS_DIR}/SwiftyJSON/SwiftyJSON.framework",
			);
			name = "[CP] Embed Pods Frameworks";
			outputPaths = (
				"${TARGET_BUILD_DIR}/${FRAMEWORKS_FOLDER_PATH}/Alamofire.framework",
				"${TARGET_BUILD_DIR}/${FRAMEWORKS_FOLDER_PATH}/SwiftyJSON.framework",
			);
			runOnlyForDeploymentPostprocessing = 0;
			shellPath = /bin/sh;
			shellScript = "\"${SRCROOT}/Pods/Target Support Files/Pods-StarTrivia/Pods-StarTrivia-frameworks.sh\"\n";
			showEnvVarsInLog = 0;
		};
/* End PBXShellScriptBuildPhase section */

/* Begin PBXSourcesBuildPhase section */
		6FA8792322EF7E9300880710 /* Sources */ = {
			isa = PBXSourcesBuildPhase;
			buildActionMask = 2147483647;
			files = (
				6FA8795222F0BBAE00880710 /* Person.swift in Sources */,
				6FA8792D22EF7E9300880710 /* SelectPersonVC.swift in Sources */,
				6FA8792B22EF7E9300880710 /* AppDelegate.swift in Sources */,
				6FA8794822EF87A000880710 /* BlackBgView.swift in Sources */,
				6FA8795022F0AAD600880710 /* PersonAPI.swift in Sources */,
				6FA8794B22EF888F00880710 /* Constants.swift in Sources */,
			);
			runOnlyForDeploymentPostprocessing = 0;
		};
/* End PBXSourcesBuildPhase section */

/* Begin PBXVariantGroup section */
		6FA8792E22EF7E9300880710 /* Main.storyboard */ = {
			isa = PBXVariantGroup;
			children = (
				6FA8792F22EF7E9300880710 /* Base */,
			);
			name = Main.storyboard;
			sourceTree = "<group>";
		};
		6FA8793322EF7E9400880710 /* LaunchScreen.storyboard */ = {
			isa = PBXVariantGroup;
			children = (
				6FA8793422EF7E9400880710 /* Base */,
			);
			name = LaunchScreen.storyboard;
			sourceTree = "<group>";
		};
/* End PBXVariantGroup section */

/* Begin XCBuildConfiguration section */
		6FA8793722EF7E9400880710 /* Debug */ = {
			isa = XCBuildConfiguration;
			buildSettings = {
				ALWAYS_SEARCH_USER_PATHS = NO;
				CLANG_ANALYZER_NONNULL = YES;
				CLANG_ANALYZER_NUMBER_OBJECT_CONVERSION = YES_AGGRESSIVE;
				CLANG_CXX_LANGUAGE_STANDARD = "gnu++14";
				CLANG_CXX_LIBRARY = "libc++";
				CLANG_ENABLE_MODULES = YES;
				CLANG_ENABLE_OBJC_ARC = YES;
				CLANG_ENABLE_OBJC_WEAK = YES;
				CLANG_WARN_BLOCK_CAPTURE_AUTORELEASING = YES;
				CLANG_WARN_BOOL_CONVERSION = YES;
				CLANG_WARN_COMMA = YES;
				CLANG_WARN_CONSTANT_CONVERSION = YES;
				CLANG_WARN_DEPRECATED_OBJC_IMPLEMENTATIONS = YES;
				CLANG_WARN_DIRECT_OBJC_ISA_USAGE = YES_ERROR;
				CLANG_WARN_DOCUMENTATION_COMMENTS = YES;
				CLANG_WARN_EMPTY_BODY = YES;
				CLANG_WARN_ENUM_CONVERSION = YES;
				CLANG_WARN_INFINITE_RECURSION = YES;
				CLANG_WARN_INT_CONVERSION = YES;
				CLANG_WARN_NON_LITERAL_NULL_CONVERSION = YES;
				CLANG_WARN_OBJC_IMPLICIT_RETAIN_SELF = YES;
				CLANG_WARN_OBJC_LITERAL_CONVERSION = YES;
				CLANG_WARN_OBJC_ROOT_CLASS = YES_ERROR;
				CLANG_WARN_RANGE_LOOP_ANALYSIS = YES;
				CLANG_WARN_STRICT_PROTOTYPES = YES;
				CLANG_WARN_SUSPICIOUS_MOVE = YES;
				CLANG_WARN_UNGUARDED_AVAILABILITY = YES_AGGRESSIVE;
				CLANG_WARN_UNREACHABLE_CODE = YES;
				CLANG_WARN__DUPLICATE_METHOD_MATCH = YES;
				CODE_SIGN_IDENTITY = "iPhone Developer";
				COPY_PHASE_STRIP = NO;
				DEBUG_INFORMATION_FORMAT = dwarf;
				ENABLE_STRICT_OBJC_MSGSEND = YES;
				ENABLE_TESTABILITY = YES;
				GCC_C_LANGUAGE_STANDARD = gnu11;
				GCC_DYNAMIC_NO_PIC = NO;
				GCC_NO_COMMON_BLOCKS = YES;
				GCC_OPTIMIZATION_LEVEL = 0;
				GCC_PREPROCESSOR_DEFINITIONS = (
					"DEBUG=1",
					"$(inherited)",
				);
				GCC_WARN_64_TO_32_BIT_CONVERSION = YES;
				GCC_WARN_ABOUT_RETURN_TYPE = YES_ERROR;
				GCC_WARN_UNDECLARED_SELECTOR = YES;
				GCC_WARN_UNINITIALIZED_AUTOS = YES_AGGRESSIVE;
				GCC_WARN_UNUSED_FUNCTION = YES;
				GCC_WARN_UNUSED_VARIABLE = YES;
				IPHONEOS_DEPLOYMENT_TARGET = 12.4;
				MTL_ENABLE_DEBUG_INFO = INCLUDE_SOURCE;
				MTL_FAST_MATH = YES;
				ONLY_ACTIVE_ARCH = YES;
				SDKROOT = iphoneos;
				SWIFT_ACTIVE_COMPILATION_CONDITIONS = DEBUG;
				SWIFT_OPTIMIZATION_LEVEL = "-Onone";
			};
			name = Debug;
		};
		6FA8793822EF7E9400880710 /* Release */ = {
			isa = XCBuildConfiguration;
			buildSettings = {
				ALWAYS_SEARCH_USER_PATHS = NO;
				CLANG_ANALYZER_NONNULL = YES;
				CLANG_ANALYZER_NUMBER_OBJECT_CONVERSION = YES_AGGRESSIVE;
				CLANG_CXX_LANGUAGE_STANDARD = "gnu++14";
				CLANG_CXX_LIBRARY = "libc++";
				CLANG_ENABLE_MODULES = YES;
				CLANG_ENABLE_OBJC_ARC = YES;
				CLANG_ENABLE_OBJC_WEAK = YES;
				CLANG_WARN_BLOCK_CAPTURE_AUTORELEASING = YES;
				CLANG_WARN_BOOL_CONVERSION = YES;
				CLANG_WARN_COMMA = YES;
				CLANG_WARN_CONSTANT_CONVERSION = YES;
				CLANG_WARN_DEPRECATED_OBJC_IMPLEMENTATIONS = YES;
				CLANG_WARN_DIRECT_OBJC_ISA_USAGE = YES_ERROR;
				CLANG_WARN_DOCUMENTATION_COMMENTS = YES;
				CLANG_WARN_EMPTY_BODY = YES;
				CLANG_WARN_ENUM_CONVERSION = YES;
				CLANG_WARN_INFINITE_RECURSION = YES;
				CLANG_WARN_INT_CONVERSION = YES;
				CLANG_WARN_NON_LITERAL_NULL_CONVERSION = YES;
				CLANG_WARN_OBJC_IMPLICIT_RETAIN_SELF = YES;
				CLANG_WARN_OBJC_LITERAL_CONVERSION = YES;
				CLANG_WARN_OBJC_ROOT_CLASS = YES_ERROR;
				CLANG_WARN_RANGE_LOOP_ANALYSIS = YES;
				CLANG_WARN_STRICT_PROTOTYPES = YES;
				CLANG_WARN_SUSPICIOUS_MOVE = YES;
				CLANG_WARN_UNGUARDED_AVAILABILITY = YES_AGGRESSIVE;
				CLANG_WARN_UNREACHABLE_CODE = YES;
				CLANG_WARN__DUPLICATE_METHOD_MATCH = YES;
				CODE_SIGN_IDENTITY = "iPhone Developer";
				COPY_PHASE_STRIP = NO;
				DEBUG_INFORMATION_FORMAT = "dwarf-with-dsym";
				ENABLE_NS_ASSERTIONS = NO;
				ENABLE_STRICT_OBJC_MSGSEND = YES;
				GCC_C_LANGUAGE_STANDARD = gnu11;
				GCC_NO_COMMON_BLOCKS = YES;
				GCC_WARN_64_TO_32_BIT_CONVERSION = YES;
				GCC_WARN_ABOUT_RETURN_TYPE = YES_ERROR;
				GCC_WARN_UNDECLARED_SELECTOR = YES;
				GCC_WARN_UNINITIALIZED_AUTOS = YES_AGGRESSIVE;
				GCC_WARN_UNUSED_FUNCTION = YES;
				GCC_WARN_UNUSED_VARIABLE = YES;
				IPHONEOS_DEPLOYMENT_TARGET = 12.4;
				MTL_ENABLE_DEBUG_INFO = NO;
				MTL_FAST_MATH = YES;
				SDKROOT = iphoneos;
				SWIFT_COMPILATION_MODE = wholemodule;
				SWIFT_OPTIMIZATION_LEVEL = "-O";
				VALIDATE_PRODUCT = YES;
			};
			name = Release;
		};
		6FA8793A22EF7E9400880710 /* Debug */ = {
			isa = XCBuildConfiguration;
			baseConfigurationReference = D315FCA62D797245CA368107 /* Pods-StarTrivia.debug.xcconfig */;
			buildSettings = {
				ASSETCATALOG_COMPILER_APPICON_NAME = AppIcon;
				CODE_SIGN_STYLE = Automatic;
				DEVELOPMENT_TEAM = A9D7992LUJ;
				INFOPLIST_FILE = StarTrivia/Info.plist;
				LD_RUNPATH_SEARCH_PATHS = (
					"$(inherited)",
					"@executable_path/Frameworks",
				);
				PRODUCT_BUNDLE_IDENTIFIER = sidoruk.StarTrivia;
				PRODUCT_NAME = "$(TARGET_NAME)";
				SWIFT_VERSION = 5.0;
				TARGETED_DEVICE_FAMILY = "1,2";
			};
			name = Debug;
		};
		6FA8793B22EF7E9400880710 /* Release */ = {
			isa = XCBuildConfiguration;
			baseConfigurationReference = 0C6A40AEB52CB333AEFEBC84 /* Pods-StarTrivia.release.xcconfig */;
			buildSettings = {
				ASSETCATALOG_COMPILER_APPICON_NAME = AppIcon;
				CODE_SIGN_STYLE = Automatic;
				DEVELOPMENT_TEAM = A9D7992LUJ;
				INFOPLIST_FILE = StarTrivia/Info.plist;
				LD_RUNPATH_SEARCH_PATHS = (
					"$(inherited)",
					"@executable_path/Frameworks",
				);
				PRODUCT_BUNDLE_IDENTIFIER = sidoruk.StarTrivia;
				PRODUCT_NAME = "$(TARGET_NAME)";
				SWIFT_VERSION = 5.0;
				TARGETED_DEVICE_FAMILY = "1,2";
			};
			name = Release;
		};
/* End XCBuildConfiguration section */

/* Begin XCConfigurationList section */
		6FA8792222EF7E9300880710 /* Build configuration list for PBXProject "StarTrivia" */ = {
			isa = XCConfigurationList;
			buildConfigurations = (
				6FA8793722EF7E9400880710 /* Debug */,
				6FA8793822EF7E9400880710 /* Release */,
			);
			defaultConfigurationIsVisible = 0;
			defaultConfigurationName = Release;
		};
		6FA8793922EF7E9400880710 /* Build configuration list for PBXNativeTarget "StarTrivia" */ = {
			isa = XCConfigurationList;
			buildConfigurations = (
				6FA8793A22EF7E9400880710 /* Debug */,
				6FA8793B22EF7E9400880710 /* Release */,
			);
			defaultConfigurationIsVisible = 0;
			defaultConfigurationName = Release;
		};
/* End XCConfigurationList section */
	};
	rootObject = 6FA8791F22EF7E9300880710 /* Project object */;
}
